// !$*UTF8*$!
{
	archiveVersion = 1;
	classes = {
	};
	objectVersion = 48;
	objects = {

/* Begin PBXBuildFile section */
		EC19F47F2021F01E00D067B2 /* AppDelegate.swift in Sources */ = {isa = PBXBuildFile; fileRef = EC19F47E2021F01E00D067B2 /* AppDelegate.swift */; };
		EC19F4812021F01E00D067B2 /* ViewController.swift in Sources */ = {isa = PBXBuildFile; fileRef = EC19F4802021F01E00D067B2 /* ViewController.swift */; };
		EC19F4842021F01E00D067B2 /* Main.storyboard in Resources */ = {isa = PBXBuildFile; fileRef = EC19F4822021F01E00D067B2 /* Main.storyboard */; };
		EC19F4862021F01E00D067B2 /* Assets.xcassets in Resources */ = {isa = PBXBuildFile; fileRef = EC19F4852021F01E00D067B2 /* Assets.xcassets */; };
		EC19F4892021F01E00D067B2 /* LaunchScreen.storyboard in Resources */ = {isa = PBXBuildFile; fileRef = EC19F4872021F01E00D067B2 /* LaunchScreen.storyboard */; };
		EC19F4942021F01E00D067B2 /* Whac_A_MoleTests.swift in Sources */ = {isa = PBXBuildFile; fileRef = EC19F4932021F01E00D067B2 /* Whac_A_MoleTests.swift */; };
		EC19F4A02021F06100D067B2 /* UIView+Radius.swift in Sources */ = {isa = PBXBuildFile; fileRef = EC19F49F2021F06100D067B2 /* UIView+Radius.swift */; };
		EC19F4A22021F12000D067B2 /* GameViewController.swift in Sources */ = {isa = PBXBuildFile; fileRef = EC19F4A12021F12000D067B2 /* GameViewController.swift */; };
/* End PBXBuildFile section */

/* Begin PBXContainerItemProxy section */
		EC19F4902021F01E00D067B2 /* PBXContainerItemProxy */ = {
			isa = PBXContainerItemProxy;
			containerPortal = EC19F4732021F01E00D067B2 /* Project object */;
			proxyType = 1;
			remoteGlobalIDString = EC19F47A2021F01E00D067B2;
			remoteInfo = "Whac-A-Mole";
		};
/* End PBXContainerItemProxy section */

/* Begin PBXFileReference section */
		EC19F47B2021F01E00D067B2 /* Whac-A-Mole.app */ = {isa = PBXFileReference; explicitFileType = wrapper.application; includeInIndex = 0; path = "Whac-A-Mole.app"; sourceTree = BUILT_PRODUCTS_DIR; };
		EC19F47E2021F01E00D067B2 /* AppDelegate.swift */ = {isa = PBXFileReference; lastKnownFileType = sourcecode.swift; path = AppDelegate.swift; sourceTree = "<group>"; };
		EC19F4802021F01E00D067B2 /* ViewController.swift */ = {isa = PBXFileReference; lastKnownFileType = sourcecode.swift; path = ViewController.swift; sourceTree = "<group>"; };
		EC19F4832021F01E00D067B2 /* Base */ = {isa = PBXFileReference; lastKnownFileType = file.storyboard; name = Base; path = Base.lproj/Main.storyboard; sourceTree = "<group>"; };
		EC19F4852021F01E00D067B2 /* Assets.xcassets */ = {isa = PBXFileReference; lastKnownFileType = folder.assetcatalog; path = Assets.xcassets; sourceTree = "<group>"; };
		EC19F4882021F01E00D067B2 /* Base */ = {isa = PBXFileReference; lastKnownFileType = file.storyboard; name = Base; path = Base.lproj/LaunchScreen.storyboard; sourceTree = "<group>"; };
		EC19F48A2021F01E00D067B2 /* Info.plist */ = {isa = PBXFileReference; lastKnownFileType = text.plist.xml; path = Info.plist; sourceTree = "<group>"; };
		EC19F48F2021F01E00D067B2 /* Whac-A-MoleTests.xctest */ = {isa = PBXFileReference; explicitFileType = wrapper.cfbundle; includeInIndex = 0; path = "Whac-A-MoleTests.xctest"; sourceTree = BUILT_PRODUCTS_DIR; };
		EC19F4932021F01E00D067B2 /* Whac_A_MoleTests.swift */ = {isa = PBXFileReference; lastKnownFileType = sourcecode.swift; path = Whac_A_MoleTests.swift; sourceTree = "<group>"; };
		EC19F4952021F01E00D067B2 /* Info.plist */ = {isa = PBXFileReference; lastKnownFileType = text.plist.xml; path = Info.plist; sourceTree = "<group>"; };
		EC19F49F2021F06100D067B2 /* UIView+Radius.swift */ = {isa = PBXFileReference; lastKnownFileType = sourcecode.swift; path = "UIView+Radius.swift"; sourceTree = "<group>"; };
		EC19F4A12021F12000D067B2 /* GameViewController.swift */ = {isa = PBXFileReference; lastKnownFileType = sourcecode.swift; path = GameViewController.swift; sourceTree = "<group>"; };
/* End PBXFileReference section */

/* Begin PBXFrameworksBuildPhase section */
		EC19F4782021F01E00D067B2 /* Frameworks */ = {
			isa = PBXFrameworksBuildPhase;
			buildActionMask = 2147483647;
			files = (
			);
			runOnlyForDeploymentPostprocessing = 0;
		};
		EC19F48C2021F01E00D067B2 /* Frameworks */ = {
			isa = PBXFrameworksBuildPhase;
			buildActionMask = 2147483647;
			files = (
			);
			runOnlyForDeploymentPostprocessing = 0;
		};
/* End PBXFrameworksBuildPhase section */

/* Begin PBXGroup section */
		EC19F4722021F01E00D067B2 = {
			isa = PBXGroup;
			children = (
				EC19F47D2021F01E00D067B2 /* Whac-A-Mole */,
				EC19F4922021F01E00D067B2 /* Whac-A-MoleTests */,
				EC19F47C2021F01E00D067B2 /* Products */,
			);
			sourceTree = "<group>";
		};
		EC19F47C2021F01E00D067B2 /* Products */ = {
			isa = PBXGroup;
			children = (
				EC19F47B2021F01E00D067B2 /* Whac-A-Mole.app */,
				EC19F48F2021F01E00D067B2 /* Whac-A-MoleTests.xctest */,
			);
			name = Products;
			sourceTree = "<group>";
		};
		EC19F47D2021F01E00D067B2 /* Whac-A-Mole */ = {
			isa = PBXGroup;
			children = (
				EC19F49E2021F04900D067B2 /* Extension */,
				EC19F47E2021F01E00D067B2 /* AppDelegate.swift */,
				EC19F4802021F01E00D067B2 /* ViewController.swift */,
				EC19F4A12021F12000D067B2 /* GameViewController.swift */,
				EC19F4822021F01E00D067B2 /* Main.storyboard */,
				EC19F4852021F01E00D067B2 /* Assets.xcassets */,
				EC19F4872021F01E00D067B2 /* LaunchScreen.storyboard */,
				EC19F48A2021F01E00D067B2 /* Info.plist */,
			);
			path = "Whac-A-Mole";
			sourceTree = "<group>";
		};
		EC19F4922021F01E00D067B2 /* Whac-A-MoleTests */ = {
			isa = PBXGroup;
			children = (
				EC19F4932021F01E00D067B2 /* Whac_A_MoleTests.swift */,
				EC19F4952021F01E00D067B2 /* Info.plist */,
			);
			path = "Whac-A-MoleTests";
			sourceTree = "<group>";
		};
		EC19F49E2021F04900D067B2 /* Extension */ = {
			isa = PBXGroup;
			children = (
				EC19F49F2021F06100D067B2 /* UIView+Radius.swift */,
			);
			path = Extension;
			sourceTree = "<group>";
		};
/* End PBXGroup section */

/* Begin PBXNativeTarget section */
		EC19F47A2021F01E00D067B2 /* Whac-A-Mole */ = {
			isa = PBXNativeTarget;
			buildConfigurationList = EC19F4982021F01E00D067B2 /* Build configuration list for PBXNativeTarget "Whac-A-Mole" */;
			buildPhases = (
				EC19F4772021F01E00D067B2 /* Sources */,
				EC19F4782021F01E00D067B2 /* Frameworks */,
				EC19F4792021F01E00D067B2 /* Resources */,
			);
			buildRules = (
			);
			dependencies = (
			);
			name = "Whac-A-Mole";
			productName = "Whac-A-Mole";
			productReference = EC19F47B2021F01E00D067B2 /* Whac-A-Mole.app */;
			productType = "com.apple.product-type.application";
		};
		EC19F48E2021F01E00D067B2 /* Whac-A-MoleTests */ = {
			isa = PBXNativeTarget;
			buildConfigurationList = EC19F49B2021F01E00D067B2 /* Build configuration list for PBXNativeTarget "Whac-A-MoleTests" */;
			buildPhases = (
				EC19F48B2021F01E00D067B2 /* Sources */,
				EC19F48C2021F01E00D067B2 /* Frameworks */,
				EC19F48D2021F01E00D067B2 /* Resources */,
			);
			buildRules = (
			);
			dependencies = (
				EC19F4912021F01E00D067B2 /* PBXTargetDependency */,
			);
			name = "Whac-A-MoleTests";
			productName = "Whac-A-MoleTests";
			productReference = EC19F48F2021F01E00D067B2 /* Whac-A-MoleTests.xctest */;
			productType = "com.apple.product-type.bundle.unit-test";
		};
/* End PBXNativeTarget section */

/* Begin PBXProject section */
		EC19F4732021F01E00D067B2 /* Project object */ = {
			isa = PBXProject;
			attributes = {
				LastSwiftUpdateCheck = 0920;
				LastUpgradeCheck = 0920;
				ORGANIZATIONNAME = RedScor;
				TargetAttributes = {
					EC19F47A2021F01E00D067B2 = {
						CreatedOnToolsVersion = 9.2;
						ProvisioningStyle = Automatic;
					};
					EC19F48E2021F01E00D067B2 = {
						CreatedOnToolsVersion = 9.2;
						ProvisioningStyle = Automatic;
						TestTargetID = EC19F47A2021F01E00D067B2;
					};
				};
			};
			buildConfigurationList = EC19F4762021F01E00D067B2 /* Build configuration list for PBXProject "Whac-A-Mole" */;
			compatibilityVersion = "Xcode 8.0";
			developmentRegion = en;
			hasScannedForEncodings = 0;
			knownRegions = (
				en,
				Base,
			);
			mainGroup = EC19F4722021F01E00D067B2;
			productRefGroup = EC19F47C2021F01E00D067B2 /* Products */;
			projectDirPath = "";
			projectRoot = "";
			targets = (
				EC19F47A2021F01E00D067B2 /* Whac-A-Mole */,
				EC19F48E2021F01E00D067B2 /* Whac-A-MoleTests */,
			);
		};
/* End PBXProject section */

/* Begin PBXResourcesBuildPhase section */
		EC19F4792021F01E00D067B2 /* Resources */ = {
			isa = PBXResourcesBuildPhase;
			buildActionMask = 2147483647;
			files = (
				EC19F4892021F01E00D067B2 /* LaunchScreen.storyboard in Resources */,
				EC19F4862021F01E00D067B2 /* Assets.xcassets in Resources */,
				EC19F4842021F01E00D067B2 /* Main.storyboard in Resources */,
			);
			runOnlyForDeploymentPostprocessing = 0;
		};
		EC19F48D2021F01E00D067B2 /* Resources */ = {
			isa = PBXResourcesBuildPhase;
			buildActionMask = 2147483647;
			files = (
			);
			runOnlyForDeploymentPostprocessing = 0;
		};
/* End PBXResourcesBuildPhase section */

/* Begin PBXSourcesBuildPhase section */
		EC19F4772021F01E00D067B2 /* Sources */ = {
			isa = PBXSourcesBuildPhase;
			buildActionMask = 2147483647;
			files = (
				EC19F4A22021F12000D067B2 /* GameViewController.swift in Sources */,
				EC19F4A02021F06100D067B2 /* UIView+Radius.swift in Sources */,
				EC19F4812021F01E00D067B2 /* ViewController.swift in Sources */,
				EC19F47F2021F01E00D067B2 /* AppDelegate.swift in Sources */,
			);
			runOnlyForDeploymentPostprocessing = 0;
		};
		EC19F48B2021F01E00D067B2 /* Sources */ = {
			isa = PBXSourcesBuildPhase;
			buildActionMask = 2147483647;
			files = (
				EC19F4942021F01E00D067B2 /* Whac_A_MoleTests.swift in Sources */,
			);
			runOnlyForDeploymentPostprocessing = 0;
		};
/* End PBXSourcesBuildPhase section */

/* Begin PBXTargetDependency section */
		EC19F4912021F01E00D067B2 /* PBXTargetDependency */ = {
			isa = PBXTargetDependency;
			target = EC19F47A2021F01E00D067B2 /* Whac-A-Mole */;
			targetProxy = EC19F4902021F01E00D067B2 /* PBXContainerItemProxy */;
		};
/* End PBXTargetDependency section */

/* Begin PBXVariantGroup section */
		EC19F4822021F01E00D067B2 /* Main.storyboard */ = {
			isa = PBXVariantGroup;
			children = (
				EC19F4832021F01E00D067B2 /* Base */,
			);
			name = Main.storyboard;
			sourceTree = "<group>";
		};
		EC19F4872021F01E00D067B2 /* LaunchScreen.storyboard */ = {
			isa = PBXVariantGroup;
			children = (
				EC19F4882021F01E00D067B2 /* Base */,
			);
			name = LaunchScreen.storyboard;
			sourceTree = "<group>";
		};
/* End PBXVariantGroup section */

/* Begin XCBuildConfiguration section */
		EC19F4962021F01E00D067B2 /* Debug */ = {
			isa = XCBuildConfiguration;
			buildSettings = {
				ALWAYS_SEARCH_USER_PATHS = NO;
				CLANG_ANALYZER_NONNULL = YES;
				CLANG_ANALYZER_NUMBER_OBJECT_CONVERSION = YES_AGGRESSIVE;
				CLANG_CXX_LANGUAGE_STANDARD = "gnu++14";
				CLANG_CXX_LIBRARY = "libc++";
				CLANG_ENABLE_MODULES = YES;
				CLANG_ENABLE_OBJC_ARC = YES;
				CLANG_WARN_BLOCK_CAPTURE_AUTORELEASING = YES;
				CLANG_WARN_BOOL_CONVERSION = YES;
				CLANG_WARN_COMMA = YES;
				CLANG_WARN_CONSTANT_CONVERSION = YES;
				CLANG_WARN_DIRECT_OBJC_ISA_USAGE = YES_ERROR;
				CLANG_WARN_DOCUMENTATION_COMMENTS = YES;
				CLANG_WARN_EMPTY_BODY = YES;
				CLANG_WARN_ENUM_CONVERSION = YES;
				CLANG_WARN_INFINITE_RECURSION = YES;
				CLANG_WARN_INT_CONVERSION = YES;
				CLANG_WARN_NON_LITERAL_NULL_CONVERSION = YES;
				CLANG_WARN_OBJC_LITERAL_CONVERSION = YES;
				CLANG_WARN_OBJC_ROOT_CLASS = YES_ERROR;
				CLANG_WARN_RANGE_LOOP_ANALYSIS = YES;
				CLANG_WARN_STRICT_PROTOTYPES = YES;
				CLANG_WARN_SUSPICIOUS_MOVE = YES;
				CLANG_WARN_UNGUARDED_AVAILABILITY = YES_AGGRESSIVE;
				CLANG_WARN_UNREACHABLE_CODE = YES;
				CLANG_WARN__DUPLICATE_METHOD_MATCH = YES;
				CODE_SIGN_IDENTITY = "iPhone Developer";
				COPY_PHASE_STRIP = NO;
				DEBUG_INFORMATION_FORMAT = dwarf;
				ENABLE_STRICT_OBJC_MSGSEND = YES;
				ENABLE_TESTABILITY = YES;
				GCC_C_LANGUAGE_STANDARD = gnu11;
				GCC_DYNAMIC_NO_PIC = NO;
				GCC_NO_COMMON_BLOCKS = YES;
				GCC_OPTIMIZATION_LEVEL = 0;
				GCC_PREPROCESSOR_DEFINITIONS = (
					"DEBUG=1",
					"$(inherited)",
				);
				GCC_WARN_64_TO_32_BIT_CONVERSION = YES;
				GCC_WARN_ABOUT_RETURN_TYPE = YES_ERROR;
				GCC_WARN_UNDECLARED_SELECTOR = YES;
				GCC_WARN_UNINITIALIZED_AUTOS = YES_AGGRESSIVE;
				GCC_WARN_UNUSED_FUNCTION = YES;
				GCC_WARN_UNUSED_VARIABLE = YES;
				IPHONEOS_DEPLOYMENT_TARGET = 11.2;
				MTL_ENABLE_DEBUG_INFO = YES;
				ONLY_ACTIVE_ARCH = YES;
				SDKROOT = iphoneos;
				SWIFT_ACTIVE_COMPILATION_CONDITIONS = DEBUG;
				SWIFT_OPTIMIZATION_LEVEL = "-Onone";
			};
			name = Debug;
		};
		EC19F4972021F01E00D067B2 /* Release */ = {
			isa = XCBuildConfiguration;
			buildSettings = {
				ALWAYS_SEARCH_USER_PATHS = NO;
				CLANG_ANALYZER_NONNULL = YES;
				CLANG_ANALYZER_NUMBER_OBJECT_CONVERSION = YES_AGGRESSIVE;
				CLANG_CXX_LANGUAGE_STANDARD = "gnu++14";
				CLANG_CXX_LIBRARY = "libc++";
				CLANG_ENABLE_MODULES = YES;
				CLANG_ENABLE_OBJC_ARC = YES;
				CLANG_WARN_BLOCK_CAPTURE_AUTORELEASING = YES;
				CLANG_WARN_BOOL_CONVERSION = YES;
				CLANG_WARN_COMMA = YES;
				CLANG_WARN_CONSTANT_CONVERSION = YES;
				CLANG_WARN_DIRECT_OBJC_ISA_USAGE = YES_ERROR;
				CLANG_WARN_DOCUMENTATION_COMMENTS = YES;
				CLANG_WARN_EMPTY_BODY = YES;
				CLANG_WARN_ENUM_CONVERSION = YES;
				CLANG_WARN_INFINITE_RECURSION = YES;
				CLANG_WARN_INT_CONVERSION = YES;
				CLANG_WARN_NON_LITERAL_NULL_CONVERSION = YES;
				CLANG_WARN_OBJC_LITERAL_CONVERSION = YES;
				CLANG_WARN_OBJC_ROOT_CLASS = YES_ERROR;
				CLANG_WARN_RANGE_LOOP_ANALYSIS = YES;
				CLANG_WARN_STRICT_PROTOTYPES = YES;
				CLANG_WARN_SUSPICIOUS_MOVE = YES;
				CLANG_WARN_UNGUARDED_AVAILABILITY = YES_AGGRESSIVE;
				CLANG_WARN_UNREACHABLE_CODE = YES;
				CLANG_WARN__DUPLICATE_METHOD_MATCH = YES;
				CODE_SIGN_IDENTITY = "iPhone Developer";
				COPY_PHASE_STRIP = NO;
				DEBUG_INFORMATION_FORMAT = "dwarf-with-dsym";
				ENABLE_NS_ASSERTIONS = NO;
				ENABLE_STRICT_OBJC_MSGSEND = YES;
				GCC_C_LANGUAGE_STANDARD = gnu11;
				GCC_NO_COMMON_BLOCKS = YES;
				GCC_WARN_64_TO_32_BIT_CONVERSION = YES;
				GCC_WARN_ABOUT_RETURN_TYPE = YES_ERROR;
				GCC_WARN_UNDECLARED_SELECTOR = YES;
				GCC_WARN_UNINITIALIZED_AUTOS = YES_AGGRESSIVE;
				GCC_WARN_UNUSED_FUNCTION = YES;
				GCC_WARN_UNUSED_VARIABLE = YES;
				IPHONEOS_DEPLOYMENT_TARGET = 11.2;
				MTL_ENABLE_DEBUG_INFO = NO;
				SDKROOT = iphoneos;
				SWIFT_OPTIMIZATION_LEVEL = "-Owholemodule";
				VALIDATE_PRODUCT = YES;
			};
			name = Release;
		};
		EC19F4992021F01E00D067B2 /* Debug */ = {
			isa = XCBuildConfiguration;
			buildSettings = {
				ASSETCATALOG_COMPILER_APPICON_NAME = AppIcon;
				CODE_SIGN_STYLE = Automatic;
				DEVELOPMENT_TEAM = QFDJJT7N6U;
				INFOPLIST_FILE = "Whac-A-Mole/Info.plist";
				IPHONEOS_DEPLOYMENT_TARGET = 10.1;
				LD_RUNPATH_SEARCH_PATHS = "$(inherited) @executable_path/Frameworks";
				PRODUCT_BUNDLE_IDENTIFIER = "io.github.redscor.Whac-A-Mole";
				PRODUCT_NAME = "$(TARGET_NAME)";
				SWIFT_VERSION = 4.0;
				TARGETED_DEVICE_FAMILY = 1;
			};
			name = Debug;
		};
		EC19F49A2021F01E00D067B2 /* Release */ = {
			isa = XCBuildConfiguration;
			buildSettings = {
				ASSETCATALOG_COMPILER_APPICON_NAME = AppIcon;
				CODE_SIGN_STYLE = Automatic;
				DEVELOPMENT_TEAM = QFDJJT7N6U;
				INFOPLIST_FILE = "Whac-A-Mole/Info.plist";
				IPHONEOS_DEPLOYMENT_TARGET = 10.1;
				LD_RUNPATH_SEARCH_PATHS = "$(inherited) @executable_path/Frameworks";
				PRODUCT_BUNDLE_IDENTIFIER = "io.github.redscor.Whac-A-Mole";
				PRODUCT_NAME = "$(TARGET_NAME)";
				SWIFT_VERSION = 4.0;
				TARGETED_DEVICE_FAMILY = 1;
			};
			name = Release;
		};
		EC19F49C2021F01E00D067B2 /* Debug */ = {
			isa = XCBuildConfiguration;
			buildSettings = {
				ALWAYS_EMBED_SWIFT_STANDARD_LIBRARIES = YES;
				BUNDLE_LOADER = "$(TEST_HOST)";
				CODE_SIGN_STYLE = Automatic;
				DEVELOPMENT_TEAM = 6LJP5L782Y;
				INFOPLIST_FILE = "Whac-A-MoleTests/Info.plist";
				LD_RUNPATH_SEARCH_PATHS = "$(inherited) @executable_path/Frameworks @loader_path/Frameworks";
				PRODUCT_BUNDLE_IDENTIFIER = "io.github.redscor.Whac-A-MoleTests";
				PRODUCT_NAME = "$(TARGET_NAME)";
				SWIFT_VERSION = 4.0;
				TARGETED_DEVICE_FAMILY = "1,2";
				TEST_HOST = "$(BUILT_PRODUCTS_DIR)/Whac-A-Mole.app/Whac-A-Mole";
			};
			name = Debug;
		};
		EC19F49D2021F01E00D067B2 /* Release */ = {
			isa = XCBuildConfiguration;
			buildSettings = {
				ALWAYS_EMBED_SWIFT_STANDARD_LIBRARIES = YES;
				BUNDLE_LOADER = "$(TEST_HOST)";
				CODE_SIGN_STYLE = Automatic;
				DEVELOPMENT_TEAM = 6LJP5L782Y;
				INFOPLIST_FILE = "Whac-A-MoleTests/Info.plist";
				LD_RUNPATH_SEARCH_PATHS = "$(inherited) @executable_path/Frameworks @loader_path/Frameworks";
				PRODUCT_BUNDLE_IDENTIFIER = "io.github.redscor.Whac-A-MoleTests";
				PRODUCT_NAME = "$(TARGET_NAME)";
				SWIFT_VERSION = 4.0;
				TARGETED_DEVICE_FAMILY = "1,2";
				TEST_HOST = "$(BUILT_PRODUCTS_DIR)/Whac-A-Mole.app/Whac-A-Mole";
			};
			name = Release;
		};
/* End XCBuildConfiguration section */

/* Begin XCConfigurationList section */
		EC19F4762021F01E00D067B2 /* Build configuration list for PBXProject "Whac-A-Mole" */ = {
			isa = XCConfigurationList;
			buildConfigurations = (
				EC19F4962021F01E00D067B2 /* Debug */,
				EC19F4972021F01E00D067B2 /* Release */,
			);
			defaultConfigurationIsVisible = 0;
			defaultConfigurationName = Release;
		};
		EC19F4982021F01E00D067B2 /* Build configuration list for PBXNativeTarget "Whac-A-Mole" */ = {
			isa = XCConfigurationList;
			buildConfigurations = (
				EC19F4992021F01E00D067B2 /* Debug */,
				EC19F49A2021F01E00D067B2 /* Release */,
			);
			defaultConfigurationIsVisible = 0;
			defaultConfigurationName = Release;
		};
		EC19F49B2021F01E00D067B2 /* Build configuration list for PBXNativeTarget "Whac-A-MoleTests" */ = {
			isa = XCConfigurationList;
			buildConfigurations = (
				EC19F49C2021F01E00D067B2 /* Debug */,
				EC19F49D2021F01E00D067B2 /* Release */,
			);
			defaultConfigurationIsVisible = 0;
			defaultConfigurationName = Release;
		};
/* End XCConfigurationList section */
	};
	rootObject = EC19F4732021F01E00D067B2 /* Project object */;
}
